
Microsoft Visual Studio Solution File, Format Version 12.00
# Visual Studio 2012
Project("{FAE04EC0-301F-11D3-BF4B-00C04F79EFBC}") = "Common", "Common\Common.csproj", "{A2D7CF66-F51F-40A4-A393-F24B29D0E5CB}"
EndProject
Project("{FAE04EC0-301F-11D3-BF4B-00C04F79EFBC}") = "DAL", "DAL\DAL.csproj", "{6C43B4D7-2AC3-4006-9E7C-594A6D9F8C38}"
EndProject
Project("{FAE04EC0-301F-11D3-BF4B-00C04F79EFBC}") = "Model", "Model\Model.csproj", "{7716CE6F-26B2-41BB-B463-CEA37166784D}"
EndProject
Project("{FAE04EC0-301F-11D3-BF4B-00C04F79EFBC}") = "ReportModel", "ReportModel\ReportModel.csproj", "{CD62D6FD-9281-418F-8B60-0C46AD599A78}"
EndProject
Project("{FAE04EC0-301F-11D3-BF4B-00C04F79EFBC}") = "SLClass4WPF", "SLClass4WPF\SLClass4WPF.csproj", "{528C012E-3DEF-4C0C-BE79-91DFB17CBCF0}"
EndProject
Project("{FAE04EC0-301F-11D3-BF4B-00C04F79EFBC}") = "SlModel", "SlModel\SlModel.csproj", "{EB7DE1EF-FF41-441F-86F0-39F9816E8B83}"
EndProject
Project("{FAE04EC0-301F-11D3-BF4B-00C04F79EFBC}") = "UserMS", "UserMS\UserMS.csproj", "{C1122577-41AD-4982-AF98-63CE071332AC}"
	ProjectSection(ProjectDependencies) = postProject
		{5A516C9F-9221-46B7-8F5F-BBE2FA1FB368} = {5A516C9F-9221-46B7-8F5F-BBE2FA1FB368}
	EndProjectSection
EndProject
Project("{FAE04EC0-301F-11D3-BF4B-00C04F79EFBC}") = "UserMSService", "UserMSService\UserMSService.csproj", "{5A516C9F-9221-46B7-8F5F-BBE2FA1FB368}"
EndProject
Project("{FAE04EC0-301F-11D3-BF4B-00C04F79EFBC}") = "DockPanelSplitter", "DockPanelSplitter\DockPanelSplitter.csproj", "{60BCD395-0A26-406A-862A-615457CBFD8F}"
EndProject
Project("{FAE04EC0-301F-11D3-BF4B-00C04F79EFBC}") = "APIModel", "APIModel\APIModel.csproj", "{8B13959E-3510-433F-8337-0996C38B76A9}"
EndProject
Project("{FAE04EC0-301F-11D3-BF4B-00C04F79EFBC}") = "UserMSMobileAPI", "UserMSMobileAPI\UserMSMobileAPI.csproj", "{0E2BFC26-1940-451D-B290-7FE77FB29ABD}"
EndProject
Project("{FAE04EC0-301F-11D3-BF4B-00C04F79EFBC}") = "UMSMVC", "UMSMVC\UMSMVC.csproj", "{7D824BA9-0578-4712-94D1-E0D8C1EC172A}"
EndProject
Project("{FAE04EC0-301F-11D3-BF4B-00C04F79EFBC}") = "APPUMS", "APPUMS\APPUMS.csproj", "{C7DCD8A5-7CD1-4AF1-B3B0-FF6B43ACE4E8}"
EndProject
Project("{FAE04EC0-301F-11D3-BF4B-00C04F79EFBC}") = "DataRunner", "DataRunner\DataRunner.csproj", "{B6B39DDB-DF04-40E9-8580-199CB41626E8}"
EndProject
Project("{FAE04EC0-301F-11D3-BF4B-00C04F79EFBC}") = "UserMS.Commons", "UserMS.Controls\UserMS.Commons.csproj", "{BA723D10-A32C-49BB-9794-844BD5B0766B}"
	ProjectSection(ProjectDependencies) = postProject
		{5A516C9F-9221-46B7-8F5F-BBE2FA1FB368} = {5A516C9F-9221-46B7-8F5F-BBE2FA1FB368}
	EndProjectSection
EndProject
Global
	GlobalSection(TeamFoundationVersionControl) = preSolution
		SccNumberOfProjects = 15
		SccEnterpriseProvider = {4CA58AB2-18FA-4F8D-95D4-32DDF27D184C}
		SccTeamFoundationServer = http://192.168.0.10:8080/tfs/defaultcollection
		SccProjectUniqueName0 = Model\\Model.csproj
		SccProjectName0 = Model
		SccAuxPath0 = http://192.168.0.10:8080/tfs/defaultcollection
		SccLocalPath0 = Model
		SccProvider0 = {4CA58AB2-18FA-4F8D-95D4-32DDF27D184C}
		SccProjectUniqueName1 = ReportModel\\ReportModel.csproj
		SccProjectName1 = ReportModel
		SccAuxPath1 = http://192.168.0.10:8080/tfs/defaultcollection
		SccLocalPath1 = ReportModel
		SccProvider1 = {4CA58AB2-18FA-4F8D-95D4-32DDF27D184C}
		SccProjectUniqueName2 = APIModel\\APIModel.csproj
		SccProjectName2 = APIModel
		SccAuxPath2 = http://192.168.0.10:8080/tfs/defaultcollection
		SccLocalPath2 = APIModel
		SccProvider2 = {4CA58AB2-18FA-4F8D-95D4-32DDF27D184C}
		SccProjectUniqueName3 = DAL\\DAL.csproj
		SccProjectName3 = DAL
		SccAuxPath3 = http://192.168.0.10:8080/tfs/defaultcollection
		SccLocalPath3 = DAL
		SccProvider3 = {4CA58AB2-18FA-4F8D-95D4-32DDF27D184C}
		SccProjectUniqueName4 = Common\\Common.csproj
		SccProjectName4 = Common
		SccAuxPath4 = http://192.168.0.10:8080/tfs/defaultcollection
		SccLocalPath4 = Common
		SccProvider4 = {4CA58AB2-18FA-4F8D-95D4-32DDF27D184C}
		SccProjectUniqueName5 = SLClass4WPF\\SLClass4WPF.csproj
		SccProjectName5 = SLClass4WPF
		SccAuxPath5 = http://192.168.0.10:8080/tfs/defaultcollection
		SccLocalPath5 = SLClass4WPF
		SccProvider5 = {4CA58AB2-18FA-4F8D-95D4-32DDF27D184C}
		SccProjectUniqueName6 = SlModel\\SlModel.csproj
		SccProjectName6 = SlModel
		SccAuxPath6 = http://192.168.0.10:8080/tfs/defaultcollection
		SccLocalPath6 = SlModel
		SccProvider6 = {4CA58AB2-18FA-4F8D-95D4-32DDF27D184C}
		SccProjectUniqueName7 = DockPanelSplitter\\DockPanelSplitter.csproj
		SccProjectName7 = DockPanelSplitter
		SccAuxPath7 = http://192.168.0.10:8080/tfs/defaultcollection
		SccLocalPath7 = DockPanelSplitter
		SccProvider7 = {4CA58AB2-18FA-4F8D-95D4-32DDF27D184C}
		SccProjectUniqueName8 = UserMSService\\UserMSService.csproj
		SccProjectName8 = UserMSService
		SccAuxPath8 = http://192.168.0.10:8080/tfs/defaultcollection
		SccLocalPath8 = UserMSService
		SccProvider8 = {4CA58AB2-18FA-4F8D-95D4-32DDF27D184C}
		SccProjectUniqueName9 = UserMS.Controls\\UserMS.Commons.csproj
		SccProjectName9 = UserMS.Controls
		SccAuxPath9 = http://192.168.0.10:8080/tfs/defaultcollection
		SccLocalPath9 = UserMS.Controls
		SccProvider9 = {4CA58AB2-18FA-4F8D-95D4-32DDF27D184C}
		SccProjectUniqueName10 = UserMS\\UserMS.csproj
		SccProjectName10 = UserMS
		SccAuxPath10 = http://192.168.0.10:8080/tfs/defaultcollection
		SccLocalPath10 = UserMS
		SccProvider10 = {4CA58AB2-18FA-4F8D-95D4-32DDF27D184C}
		SccProjectUniqueName11 = UserMSMobileAPI\\UserMSMobileAPI.csproj
		SccProjectName11 = UserMSMobileAPI
		SccAuxPath11 = http://192.168.0.10:8080/tfs/defaultcollection
		SccLocalPath11 = UserMSMobileAPI
		SccProvider11 = {4CA58AB2-18FA-4F8D-95D4-32DDF27D184C}
		SccProjectUniqueName12 = UMSMVC\\UMSMVC.csproj
		SccProjectName12 = UMSMVC
		SccAuxPath12 = http://192.168.0.10:8080/tfs/defaultcollection
		SccLocalPath12 = UMSMVC
		SccProvider12 = {4CA58AB2-18FA-4F8D-95D4-32DDF27D184C}
		SccProjectUniqueName13 = APPUMS\\APPUMS.csproj
		SccProjectName13 = APPUMS
		SccAuxPath13 = http://192.168.0.10:8080/tfs/defaultcollection
		SccLocalPath13 = APPUMS
		SccProvider13 = {4CA58AB2-18FA-4F8D-95D4-32DDF27D184C}
		SccProjectUniqueName14 = DataRunner\\DataRunner.csproj
		SccProjectName14 = DataRunner
		SccAuxPath14 = http://192.168.0.10:8080/tfs/defaultcollection
		SccLocalPath14 = DataRunner
		SccProvider14 = {4CA58AB2-18FA-4F8D-95D4-32DDF27D184C}
	EndGlobalSection
	GlobalSection(SolutionConfigurationPlatforms) = preSolution
		Debug_HZ|Any CPU = Debug_HZ|Any CPU
		Debug_HZ|Mixed Platforms = Debug_HZ|Mixed Platforms
		Debug_HZ|x86 = Debug_HZ|x86
		Debug|Any CPU = Debug|Any CPU
		Debug|Mixed Platforms = Debug|Mixed Platforms
		Debug|x86 = Debug|x86
		Release_HZ|Any CPU = Release_HZ|Any CPU
		Release_HZ|Mixed Platforms = Release_HZ|Mixed Platforms
		Release_HZ|x86 = Release_HZ|x86
		Release|Any CPU = Release|Any CPU
		Release|Mixed Platforms = Release|Mixed Platforms
		Release|x86 = Release|x86
	EndGlobalSection
	GlobalSection(ProjectConfigurationPlatforms) = postSolution
		{A2D7CF66-F51F-40A4-A393-F24B29D0E5CB}.Debug_HZ|Any CPU.ActiveCfg = Debug|Any CPU
		{A2D7CF66-F51F-40A4-A393-F24B29D0E5CB}.Debug_HZ|Any CPU.Build.0 = Debug|Any CPU
		{A2D7CF66-F51F-40A4-A393-F24B29D0E5CB}.Debug_HZ|Mixed Platforms.ActiveCfg = Debug|Any CPU
		{A2D7CF66-F51F-40A4-A393-F24B29D0E5CB}.Debug_HZ|Mixed Platforms.Build.0 = Debug|Any CPU
		{A2D7CF66-F51F-40A4-A393-F24B29D0E5CB}.Debug_HZ|x86.ActiveCfg = Debug|Any CPU
		{A2D7CF66-F51F-40A4-A393-F24B29D0E5CB}.Debug|Any CPU.ActiveCfg = Debug|Any CPU
		{A2D7CF66-F51F-40A4-A393-F24B29D0E5CB}.Debug|Any CPU.Build.0 = Debug|Any CPU
		{A2D7CF66-F51F-40A4-A393-F24B29D0E5CB}.Debug|Mixed Platforms.ActiveCfg = Debug|Any CPU
		{A2D7CF66-F51F-40A4-A393-F24B29D0E5CB}.Debug|Mixed Platforms.Build.0 = Debug|Any CPU
		{A2D7CF66-F51F-40A4-A393-F24B29D0E5CB}.Debug|x86.ActiveCfg = Debug|Any CPU
		{A2D7CF66-F51F-40A4-A393-F24B29D0E5CB}.Release_HZ|Any CPU.ActiveCfg = Release_HZ|Any CPU
		{A2D7CF66-F51F-40A4-A393-F24B29D0E5CB}.Release_HZ|Any CPU.Build.0 = Release_HZ|Any CPU
		{A2D7CF66-F51F-40A4-A393-F24B29D0E5CB}.Release_HZ|Mixed Platforms.ActiveCfg = Release_HZ|Any CPU
		{A2D7CF66-F51F-40A4-A393-F24B29D0E5CB}.Release_HZ|Mixed Platforms.Build.0 = Release_HZ|Any CPU
		{A2D7CF66-F51F-40A4-A393-F24B29D0E5CB}.Release_HZ|x86.ActiveCfg = Release_HZ|Any CPU
		{A2D7CF66-F51F-40A4-A393-F24B29D0E5CB}.Release|Any CPU.ActiveCfg = Release|Any CPU
		{A2D7CF66-F51F-40A4-A393-F24B29D0E5CB}.Release|Any CPU.Build.0 = Release|Any CPU
		{A2D7CF66-F51F-40A4-A393-F24B29D0E5CB}.Release|Mixed Platforms.ActiveCfg = Release|Any CPU
		{A2D7CF66-F51F-40A4-A393-F24B29D0E5CB}.Release|Mixed Platforms.Build.0 = Release|Any CPU
		{A2D7CF66-F51F-40A4-A393-F24B29D0E5CB}.Release|x86.ActiveCfg = Release|Any CPU
		{6C43B4D7-2AC3-4006-9E7C-594A6D9F8C38}.Debug_HZ|Any CPU.ActiveCfg = Debug|Any CPU
		{6C43B4D7-2AC3-4006-9E7C-594A6D9F8C38}.Debug_HZ|Any CPU.Build.0 = Debug|Any CPU
		{6C43B4D7-2AC3-4006-9E7C-594A6D9F8C38}.Debug_HZ|Mixed Platforms.ActiveCfg = Debug|Any CPU
		{6C43B4D7-2AC3-4006-9E7C-594A6D9F8C38}.Debug_HZ|Mixed Platforms.Build.0 = Debug|Any CPU
		{6C43B4D7-2AC3-4006-9E7C-594A6D9F8C38}.Debug_HZ|x86.ActiveCfg = Debug|Any CPU
		{6C43B4D7-2AC3-4006-9E7C-594A6D9F8C38}.Debug|Any CPU.ActiveCfg = Debug|Any CPU
		{6C43B4D7-2AC3-4006-9E7C-594A6D9F8C38}.Debug|Any CPU.Build.0 = Debug|Any CPU
		{6C43B4D7-2AC3-4006-9E7C-594A6D9F8C38}.Debug|Mixed Platforms.ActiveCfg = Debug|Any CPU
		{6C43B4D7-2AC3-4006-9E7C-594A6D9F8C38}.Debug|Mixed Platforms.Build.0 = Debug|Any CPU
		{6C43B4D7-2AC3-4006-9E7C-594A6D9F8C38}.Debug|x86.ActiveCfg = Debug|Any CPU
		{6C43B4D7-2AC3-4006-9E7C-594A6D9F8C38}.Release_HZ|Any CPU.ActiveCfg = Release_HZ|Any CPU
		{6C43B4D7-2AC3-4006-9E7C-594A6D9F8C38}.Release_HZ|Any CPU.Build.0 = Release_HZ|Any CPU
		{6C43B4D7-2AC3-4006-9E7C-594A6D9F8C38}.Release_HZ|Mixed Platforms.ActiveCfg = Release_HZ|Any CPU
		{6C43B4D7-2AC3-4006-9E7C-594A6D9F8C38}.Release_HZ|Mixed Platforms.Build.0 = Release_HZ|Any CPU
		{6C43B4D7-2AC3-4006-9E7C-594A6D9F8C38}.Release_HZ|x86.ActiveCfg = Release_HZ|Any CPU
		{6C43B4D7-2AC3-4006-9E7C-594A6D9F8C38}.Release|Any CPU.ActiveCfg = Release|Any CPU
		{6C43B4D7-2AC3-4006-9E7C-594A6D9F8C38}.Release|Any CPU.Build.0 = Release|Any CPU
		{6C43B4D7-2AC3-4006-9E7C-594A6D9F8C38}.Release|Mixed Platforms.ActiveCfg = Release|Any CPU
		{6C43B4D7-2AC3-4006-9E7C-594A6D9F8C38}.Release|Mixed Platforms.Build.0 = Release|Any CPU
		{6C43B4D7-2AC3-4006-9E7C-594A6D9F8C38}.Release|x86.ActiveCfg = Release|Any CPU
		{7716CE6F-26B2-41BB-B463-CEA37166784D}.Debug_HZ|Any CPU.ActiveCfg = Debug|Any CPU
		{7716CE6F-26B2-41BB-B463-CEA37166784D}.Debug_HZ|Any CPU.Build.0 = Debug|Any CPU
		{7716CE6F-26B2-41BB-B463-CEA37166784D}.Debug_HZ|Mixed Platforms.ActiveCfg = Debug|Any CPU
		{7716CE6F-26B2-41BB-B463-CEA37166784D}.Debug_HZ|Mixed Platforms.Build.0 = Debug|Any CPU
		{7716CE6F-26B2-41BB-B463-CEA37166784D}.Debug_HZ|x86.ActiveCfg = Debug|Any CPU
		{7716CE6F-26B2-41BB-B463-CEA37166784D}.Debug|Any CPU.ActiveCfg = Debug|Any CPU
		{7716CE6F-26B2-41BB-B463-CEA37166784D}.Debug|Any CPU.Build.0 = Debug|Any CPU
		{7716CE6F-26B2-41BB-B463-CEA37166784D}.Debug|Mixed Platforms.ActiveCfg = Debug|Any CPU
		{7716CE6F-26B2-41BB-B463-CEA37166784D}.Debug|Mixed Platforms.Build.0 = Debug|Any CPU
		{7716CE6F-26B2-41BB-B463-CEA37166784D}.Debug|x86.ActiveCfg = Debug|Any CPU
		{7716CE6F-26B2-41BB-B463-CEA37166784D}.Release_HZ|Any CPU.ActiveCfg = Release_HZ|Any CPU
		{7716CE6F-26B2-41BB-B463-CEA37166784D}.Release_HZ|Any CPU.Build.0 = Release_HZ|Any CPU
		{7716CE6F-26B2-41BB-B463-CEA37166784D}.Release_HZ|Mixed Platforms.ActiveCfg = Release_HZ|Any CPU
		{7716CE6F-26B2-41BB-B463-CEA37166784D}.Release_HZ|Mixed Platforms.Build.0 = Release_HZ|Any CPU
		{7716CE6F-26B2-41BB-B463-CEA37166784D}.Release_HZ|x86.ActiveCfg = Release_HZ|Any CPU
		{7716CE6F-26B2-41BB-B463-CEA37166784D}.Release|Any CPU.ActiveCfg = Release|Any CPU
		{7716CE6F-26B2-41BB-B463-CEA37166784D}.Release|Any CPU.Build.0 = Release|Any CPU
		{7716CE6F-26B2-41BB-B463-CEA37166784D}.Release|Mixed Platforms.ActiveCfg = Release|Any CPU
		{7716CE6F-26B2-41BB-B463-CEA37166784D}.Release|Mixed Platforms.Build.0 = Release|Any CPU
		{7716CE6F-26B2-41BB-B463-CEA37166784D}.Release|x86.ActiveCfg = Release|Any CPU
		{CD62D6FD-9281-418F-8B60-0C46AD599A78}.Debug_HZ|Any CPU.ActiveCfg = Debug|Any CPU
		{CD62D6FD-9281-418F-8B60-0C46AD599A78}.Debug_HZ|Any CPU.Build.0 = Debug|Any CPU
		{CD62D6FD-9281-418F-8B60-0C46AD599A78}.Debug_HZ|Mixed Platforms.ActiveCfg = Debug|Any CPU
		{CD62D6FD-9281-418F-8B60-0C46AD599A78}.Debug_HZ|Mixed Platforms.Build.0 = Debug|Any CPU
		{CD62D6FD-9281-418F-8B60-0C46AD599A78}.Debug_HZ|x86.ActiveCfg = Debug|Any CPU
		{CD62D6FD-9281-418F-8B60-0C46AD599A78}.Debug|Any CPU.ActiveCfg = Debug|Any CPU
		{CD62D6FD-9281-418F-8B60-0C46AD599A78}.Debug|Any CPU.Build.0 = Debug|Any CPU
		{CD62D6FD-9281-418F-8B60-0C46AD599A78}.Debug|Mixed Platforms.ActiveCfg = Debug|Any CPU
		{CD62D6FD-9281-418F-8B60-0C46AD599A78}.Debug|Mixed Platforms.Build.0 = Debug|Any CPU
		{CD62D6FD-9281-418F-8B60-0C46AD599A78}.Debug|x86.ActiveCfg = Debug|Any CPU
		{CD62D6FD-9281-418F-8B60-0C46AD599A78}.Release_HZ|Any CPU.ActiveCfg = Release_HZ|Any CPU
		{CD62D6FD-9281-418F-8B60-0C46AD599A78}.Release_HZ|Any CPU.Build.0 = Release_HZ|Any CPU
		{CD62D6FD-9281-418F-8B60-0C46AD599A78}.Release_HZ|Mixed Platforms.ActiveCfg = Release_HZ|Any CPU
		{CD62D6FD-9281-418F-8B60-0C46AD599A78}.Release_HZ|Mixed Platforms.Build.0 = Release_HZ|Any CPU
		{CD62D6FD-9281-418F-8B60-0C46AD599A78}.Release_HZ|x86.ActiveCfg = Release_HZ|Any CPU
		{CD62D6FD-9281-418F-8B60-0C46AD599A78}.Release|Any CPU.ActiveCfg = Release|Any CPU
		{CD62D6FD-9281-418F-8B60-0C46AD599A78}.Release|Any CPU.Build.0 = Release|Any CPU
		{CD62D6FD-9281-418F-8B60-0C46AD599A78}.Release|Mixed Platforms.ActiveCfg = Release|Any CPU
		{CD62D6FD-9281-418F-8B60-0C46AD599A78}.Release|Mixed Platforms.Build.0 = Release|Any CPU
		{CD62D6FD-9281-418F-8B60-0C46AD599A78}.Release|x86.ActiveCfg = Release|Any CPU
		{528C012E-3DEF-4C0C-BE79-91DFB17CBCF0}.Debug_HZ|Any CPU.ActiveCfg = Debug|Any CPU
		{528C012E-3DEF-4C0C-BE79-91DFB17CBCF0}.Debug_HZ|Any CPU.Build.0 = Debug|Any CPU
		{528C012E-3DEF-4C0C-BE79-91DFB17CBCF0}.Debug_HZ|Mixed Platforms.ActiveCfg = Debug|Any CPU
		{528C012E-3DEF-4C0C-BE79-91DFB17CBCF0}.Debug_HZ|Mixed Platforms.Build.0 = Debug|Any CPU
		{528C012E-3DEF-4C0C-BE79-91DFB17CBCF0}.Debug_HZ|x86.ActiveCfg = Debug|Any CPU
		{528C012E-3DEF-4C0C-BE79-91DFB17CBCF0}.Debug|Any CPU.ActiveCfg = Debug|Any CPU
		{528C012E-3DEF-4C0C-BE79-91DFB17CBCF0}.Debug|Any CPU.Build.0 = Debug|Any CPU
		{528C012E-3DEF-4C0C-BE79-91DFB17CBCF0}.Debug|Mixed Platforms.ActiveCfg = Debug|Any CPU
		{528C012E-3DEF-4C0C-BE79-91DFB17CBCF0}.Debug|Mixed Platforms.Build.0 = Debug|Any CPU
		{528C012E-3DEF-4C0C-BE79-91DFB17CBCF0}.Debug|x86.ActiveCfg = Debug|Any CPU
		{528C012E-3DEF-4C0C-BE79-91DFB17CBCF0}.Release_HZ|Any CPU.ActiveCfg = Release_HZ|Any CPU
		{528C012E-3DEF-4C0C-BE79-91DFB17CBCF0}.Release_HZ|Any CPU.Build.0 = Release_HZ|Any CPU
		{528C012E-3DEF-4C0C-BE79-91DFB17CBCF0}.Release_HZ|Mixed Platforms.ActiveCfg = Release_HZ|Any CPU
		{528C012E-3DEF-4C0C-BE79-91DFB17CBCF0}.Release_HZ|Mixed Platforms.Build.0 = Release_HZ|Any CPU
		{528C012E-3DEF-4C0C-BE79-91DFB17CBCF0}.Release_HZ|x86.ActiveCfg = Release_HZ|Any CPU
		{528C012E-3DEF-4C0C-BE79-91DFB17CBCF0}.Release|Any CPU.ActiveCfg = Release|Any CPU
		{528C012E-3DEF-4C0C-BE79-91DFB17CBCF0}.Release|Any CPU.Build.0 = Release|Any CPU
		{528C012E-3DEF-4C0C-BE79-91DFB17CBCF0}.Release|Mixed Platforms.ActiveCfg = Release|Any CPU
		{528C012E-3DEF-4C0C-BE79-91DFB17CBCF0}.Release|Mixed Platforms.Build.0 = Release|Any CPU
		{528C012E-3DEF-4C0C-BE79-91DFB17CBCF0}.Release|x86.ActiveCfg = Release|Any CPU
		{EB7DE1EF-FF41-441F-86F0-39F9816E8B83}.Debug_HZ|Any CPU.ActiveCfg = Debug|Any CPU
		{EB7DE1EF-FF41-441F-86F0-39F9816E8B83}.Debug_HZ|Any CPU.Build.0 = Debug|Any CPU
		{EB7DE1EF-FF41-441F-86F0-39F9816E8B83}.Debug_HZ|Mixed Platforms.ActiveCfg = Debug|Any CPU
		{EB7DE1EF-FF41-441F-86F0-39F9816E8B83}.Debug_HZ|Mixed Platforms.Build.0 = Debug|Any CPU
		{EB7DE1EF-FF41-441F-86F0-39F9816E8B83}.Debug_HZ|x86.ActiveCfg = Debug|Any CPU
		{EB7DE1EF-FF41-441F-86F0-39F9816E8B83}.Debug|Any CPU.ActiveCfg = Debug|Any CPU
		{EB7DE1EF-FF41-441F-86F0-39F9816E8B83}.Debug|Any CPU.Build.0 = Debug|Any CPU
		{EB7DE1EF-FF41-441F-86F0-39F9816E8B83}.Debug|Mixed Platforms.ActiveCfg = Debug|Any CPU
		{EB7DE1EF-FF41-441F-86F0-39F9816E8B83}.Debug|Mixed Platforms.Build.0 = Debug|Any CPU
		{EB7DE1EF-FF41-441F-86F0-39F9816E8B83}.Debug|x86.ActiveCfg = Debug|Any CPU
		{EB7DE1EF-FF41-441F-86F0-39F9816E8B83}.Release_HZ|Any CPU.ActiveCfg = Release_HZ|Any CPU
		{EB7DE1EF-FF41-441F-86F0-39F9816E8B83}.Release_HZ|Any CPU.Build.0 = Release_HZ|Any CPU
		{EB7DE1EF-FF41-441F-86F0-39F9816E8B83}.Release_HZ|Mixed Platforms.ActiveCfg = Release_HZ|Any CPU
		{EB7DE1EF-FF41-441F-86F0-39F9816E8B83}.Release_HZ|Mixed Platforms.Build.0 = Release_HZ|Any CPU
		{EB7DE1EF-FF41-441F-86F0-39F9816E8B83}.Release_HZ|x86.ActiveCfg = Release_HZ|Any CPU
		{EB7DE1EF-FF41-441F-86F0-39F9816E8B83}.Release|Any CPU.ActiveCfg = Release|Any CPU
		{EB7DE1EF-FF41-441F-86F0-39F9816E8B83}.Release|Any CPU.Build.0 = Release|Any CPU
		{EB7DE1EF-FF41-441F-86F0-39F9816E8B83}.Release|Mixed Platforms.ActiveCfg = Release|Any CPU
		{EB7DE1EF-FF41-441F-86F0-39F9816E8B83}.Release|Mixed Platforms.Build.0 = Release|Any CPU
		{EB7DE1EF-FF41-441F-86F0-39F9816E8B83}.Release|x86.ActiveCfg = Release|Any CPU
		{C1122577-41AD-4982-AF98-63CE071332AC}.Debug_HZ|Any CPU.ActiveCfg = Debug_HZ|Any CPU
		{C1122577-41AD-4982-AF98-63CE071332AC}.Debug_HZ|Any CPU.Build.0 = Debug_HZ|Any CPU
		{C1122577-41AD-4982-AF98-63CE071332AC}.Debug_HZ|Mixed Platforms.ActiveCfg = Debug|Any CPU
		{C1122577-41AD-4982-AF98-63CE071332AC}.Debug_HZ|Mixed Platforms.Build.0 = Debug|Any CPU
		{C1122577-41AD-4982-AF98-63CE071332AC}.Debug_HZ|x86.ActiveCfg = Debug|Any CPU
		{C1122577-41AD-4982-AF98-63CE071332AC}.Debug|Any CPU.ActiveCfg = Debug|Any CPU
		{C1122577-41AD-4982-AF98-63CE071332AC}.Debug|Mixed Platforms.ActiveCfg = Debug|Any CPU
		{C1122577-41AD-4982-AF98-63CE071332AC}.Debug|Mixed Platforms.Build.0 = Debug|Any CPU
		{C1122577-41AD-4982-AF98-63CE071332AC}.Debug|Mixed Platforms.Deploy.0 = Debug|Any CPU
		{C1122577-41AD-4982-AF98-63CE071332AC}.Debug|x86.ActiveCfg = Debug|Any CPU
		{C1122577-41AD-4982-AF98-63CE071332AC}.Release_HZ|Any CPU.ActiveCfg = Release_HZ|Any CPU
		{C1122577-41AD-4982-AF98-63CE071332AC}.Release_HZ|Any CPU.Build.0 = Release_HZ|Any CPU
		{C1122577-41AD-4982-AF98-63CE071332AC}.Release_HZ|Mixed Platforms.ActiveCfg = Release_HZ|Any CPU
		{C1122577-41AD-4982-AF98-63CE071332AC}.Release_HZ|Mixed Platforms.Build.0 = Release_HZ|Any CPU
		{C1122577-41AD-4982-AF98-63CE071332AC}.Release_HZ|x86.ActiveCfg = Release_HZ|Any CPU
		{C1122577-41AD-4982-AF98-63CE071332AC}.Release|Any CPU.ActiveCfg = Release|Any CPU
		{C1122577-41AD-4982-AF98-63CE071332AC}.Release|Any CPU.Build.0 = Release|Any CPU
		{C1122577-41AD-4982-AF98-63CE071332AC}.Release|Mixed Platforms.ActiveCfg = Release|Any CPU
		{C1122577-41AD-4982-AF98-63CE071332AC}.Release|Mixed Platforms.Build.0 = Release|Any CPU
		{C1122577-41AD-4982-AF98-63CE071332AC}.Release|x86.ActiveCfg = Release|Any CPU
		{5A516C9F-9221-46B7-8F5F-BBE2FA1FB368}.Debug_HZ|Any CPU.ActiveCfg = Debug|Any CPU
		{5A516C9F-9221-46B7-8F5F-BBE2FA1FB368}.Debug_HZ|Any CPU.Build.0 = Debug|Any CPU
		{5A516C9F-9221-46B7-8F5F-BBE2FA1FB368}.Debug_HZ|Mixed Platforms.ActiveCfg = Debug|Any CPU
		{5A516C9F-9221-46B7-8F5F-BBE2FA1FB368}.Debug_HZ|Mixed Platforms.Build.0 = Debug|Any CPU
		{5A516C9F-9221-46B7-8F5F-BBE2FA1FB368}.Debug_HZ|x86.ActiveCfg = Debug|Any CPU
		{5A516C9F-9221-46B7-8F5F-BBE2FA1FB368}.Debug|Any CPU.ActiveCfg = Debug|Any CPU
		{5A516C9F-9221-46B7-8F5F-BBE2FA1FB368}.Debug|Any CPU.Build.0 = Debug|Any CPU
		{5A516C9F-9221-46B7-8F5F-BBE2FA1FB368}.Debug|Mixed Platforms.ActiveCfg = Debug|Any CPU
		{5A516C9F-9221-46B7-8F5F-BBE2FA1FB368}.Debug|Mixed Platforms.Build.0 = Debug|Any CPU
		{5A516C9F-9221-46B7-8F5F-BBE2FA1FB368}.Debug|x86.ActiveCfg = Debug|Any CPU
		{5A516C9F-9221-46B7-8F5F-BBE2FA1FB368}.Release_HZ|Any CPU.ActiveCfg = Release_HZ|Any CPU
		{5A516C9F-9221-46B7-8F5F-BBE2FA1FB368}.Release_HZ|Any CPU.Build.0 = Release_HZ|Any CPU
		{5A516C9F-9221-46B7-8F5F-BBE2FA1FB368}.Release_HZ|Mixed Platforms.ActiveCfg = Release_HZ|Any CPU
		{5A516C9F-9221-46B7-8F5F-BBE2FA1FB368}.Release_HZ|Mixed Platforms.Build.0 = Release_HZ|Any CPU
		{5A516C9F-9221-46B7-8F5F-BBE2FA1FB368}.Release_HZ|x86.ActiveCfg = Release_HZ|Any CPU
		{5A516C9F-9221-46B7-8F5F-BBE2FA1FB368}.Release|Any CPU.ActiveCfg = Release|Any CPU
		{5A516C9F-9221-46B7-8F5F-BBE2FA1FB368}.Release|Any CPU.Build.0 = Release|Any CPU
		{5A516C9F-9221-46B7-8F5F-BBE2FA1FB368}.Release|Mixed Platforms.ActiveCfg = Release|Any CPU
		{5A516C9F-9221-46B7-8F5F-BBE2FA1FB368}.Release|Mixed Platforms.Build.0 = Release|Any CPU
		{5A516C9F-9221-46B7-8F5F-BBE2FA1FB368}.Release|x86.ActiveCfg = Release|Any CPU
		{60BCD395-0A26-406A-862A-615457CBFD8F}.Debug_HZ|Any CPU.ActiveCfg = Debug|Any CPU
		{60BCD395-0A26-406A-862A-615457CBFD8F}.Debug_HZ|Any CPU.Build.0 = Debug|Any CPU
		{60BCD395-0A26-406A-862A-615457CBFD8F}.Debug_HZ|Mixed Platforms.ActiveCfg = Debug|Any CPU
		{60BCD395-0A26-406A-862A-615457CBFD8F}.Debug_HZ|Mixed Platforms.Build.0 = Debug|Any CPU
		{60BCD395-0A26-406A-862A-615457CBFD8F}.Debug_HZ|x86.ActiveCfg = Debug|Any CPU
		{60BCD395-0A26-406A-862A-615457CBFD8F}.Debug|Any CPU.ActiveCfg = Debug|Any CPU
		{60BCD395-0A26-406A-862A-615457CBFD8F}.Debug|Any CPU.Build.0 = Debug|Any CPU
		{60BCD395-0A26-406A-862A-615457CBFD8F}.Debug|Mixed Platforms.ActiveCfg = Debug|Any CPU
		{60BCD395-0A26-406A-862A-615457CBFD8F}.Debug|Mixed Platforms.Build.0 = Debug|Any CPU
		{60BCD395-0A26-406A-862A-615457CBFD8F}.Debug|x86.ActiveCfg = Debug|Any CPU
		{60BCD395-0A26-406A-862A-615457CBFD8F}.Release_HZ|Any CPU.ActiveCfg = Release_HZ|Any CPU
		{60BCD395-0A26-406A-862A-615457CBFD8F}.Release_HZ|Any CPU.Build.0 = Release_HZ|Any CPU
		{60BCD395-0A26-406A-862A-615457CBFD8F}.Release_HZ|Mixed Platforms.ActiveCfg = Release_HZ|Any CPU
		{60BCD395-0A26-406A-862A-615457CBFD8F}.Release_HZ|Mixed Platforms.Build.0 = Release_HZ|Any CPU
		{60BCD395-0A26-406A-862A-615457CBFD8F}.Release_HZ|x86.ActiveCfg = Release_HZ|Any CPU
		{60BCD395-0A26-406A-862A-615457CBFD8F}.Release|Any CPU.ActiveCfg = Release|Any CPU
		{60BCD395-0A26-406A-862A-615457CBFD8F}.Release|Any CPU.Build.0 = Release|Any CPU
		{60BCD395-0A26-406A-862A-615457CBFD8F}.Release|Mixed Platforms.ActiveCfg = Release|Any CPU
		{60BCD395-0A26-406A-862A-615457CBFD8F}.Release|Mixed Platforms.Build.0 = Release|Any CPU
		{60BCD395-0A26-406A-862A-615457CBFD8F}.Release|x86.ActiveCfg = Release|Any CPU
		{8B13959E-3510-433F-8337-0996C38B76A9}.Debug_HZ|Any CPU.ActiveCfg = Debug|Any CPU
		{8B13959E-3510-433F-8337-0996C38B76A9}.Debug_HZ|Any CPU.Build.0 = Debug|Any CPU
		{8B13959E-3510-433F-8337-0996C38B76A9}.Debug_HZ|Mixed Platforms.ActiveCfg = Debug|Any CPU
		{8B13959E-3510-433F-8337-0996C38B76A9}.Debug_HZ|Mixed Platforms.Build.0 = Debug|Any CPU
		{8B13959E-3510-433F-8337-0996C38B76A9}.Debug_HZ|x86.ActiveCfg = Debug|Any CPU
		{8B13959E-3510-433F-8337-0996C38B76A9}.Debug|Any CPU.ActiveCfg = Debug|Any CPU
		{8B13959E-3510-433F-8337-0996C38B76A9}.Debug|Any CPU.Build.0 = Debug|Any CPU
		{8B13959E-3510-433F-8337-0996C38B76A9}.Debug|Mixed Platforms.ActiveCfg = Debug|Any CPU
		{8B13959E-3510-433F-8337-0996C38B76A9}.Debug|Mixed Platforms.Build.0 = Debug|Any CPU
		{8B13959E-3510-433F-8337-0996C38B76A9}.Debug|x86.ActiveCfg = Debug|Any CPU
		{8B13959E-3510-433F-8337-0996C38B76A9}.Release_HZ|Any CPU.ActiveCfg = Release_HZ|Any CPU
		{8B13959E-3510-433F-8337-0996C38B76A9}.Release_HZ|Any CPU.Build.0 = Release_HZ|Any CPU
		{8B13959E-3510-433F-8337-0996C38B76A9}.Release_HZ|Mixed Platforms.ActiveCfg = Release_HZ|Any CPU
		{8B13959E-3510-433F-8337-0996C38B76A9}.Release_HZ|Mixed Platforms.Build.0 = Release_HZ|Any CPU
		{8B13959E-3510-433F-8337-0996C38B76A9}.Release_HZ|x86.ActiveCfg = Release_HZ|Any CPU
		{8B13959E-3510-433F-8337-0996C38B76A9}.Release|Any CPU.ActiveCfg = Release|Any CPU
		{8B13959E-3510-433F-8337-0996C38B76A9}.Release|Any CPU.Build.0 = Release|Any CPU
		{8B13959E-3510-433F-8337-0996C38B76A9}.Release|Mixed Platforms.ActiveCfg = Release|Any CPU
		{8B13959E-3510-433F-8337-0996C38B76A9}.Release|Mixed Platforms.Build.0 = Release|Any CPU
		{8B13959E-3510-433F-8337-0996C38B76A9}.Release|x86.ActiveCfg = Release|Any CPU
		{0E2BFC26-1940-451D-B290-7FE77FB29ABD}.Debug_HZ|Any CPU.ActiveCfg = Debug|Any CPU
		{0E2BFC26-1940-451D-B290-7FE77FB29ABD}.Debug_HZ|Any CPU.Build.0 = Debug|Any CPU
		{0E2BFC26-1940-451D-B290-7FE77FB29ABD}.Debug_HZ|Mixed Platforms.ActiveCfg = Debug|Any CPU
		{0E2BFC26-1940-451D-B290-7FE77FB29ABD}.Debug_HZ|Mixed Platforms.Build.0 = Debug|Any CPU
		{0E2BFC26-1940-451D-B290-7FE77FB29ABD}.Debug_HZ|x86.ActiveCfg = Debug|Any CPU
		{0E2BFC26-1940-451D-B290-7FE77FB29ABD}.Debug|Any CPU.ActiveCfg = Debug|Any CPU
		{0E2BFC26-1940-451D-B290-7FE77FB29ABD}.Debug|Any CPU.Build.0 = Debug|Any CPU
		{0E2BFC26-1940-451D-B290-7FE77FB29ABD}.Debug|Mixed Platforms.ActiveCfg = Debug|Any CPU
		{0E2BFC26-1940-451D-B290-7FE77FB29ABD}.Debug|Mixed Platforms.Build.0 = Debug|Any CPU
		{0E2BFC26-1940-451D-B290-7FE77FB29ABD}.Debug|x86.ActiveCfg = Debug|Any CPU
		{0E2BFC26-1940-451D-B290-7FE77FB29ABD}.Release_HZ|Any CPU.ActiveCfg = Release_HZ|Any CPU
		{0E2BFC26-1940-451D-B290-7FE77FB29ABD}.Release_HZ|Any CPU.Build.0 = Release_HZ|Any CPU
		{0E2BFC26-1940-451D-B290-7FE77FB29ABD}.Release_HZ|Mixed Platforms.ActiveCfg = Release_HZ|Any CPU
		{0E2BFC26-1940-451D-B290-7FE77FB29ABD}.Release_HZ|Mixed Platforms.Build.0 = Release_HZ|Any CPU
		{0E2BFC26-1940-451D-B290-7FE77FB29ABD}.Release_HZ|x86.ActiveCfg = Release_HZ|Any CPU
		{0E2BFC26-1940-451D-B290-7FE77FB29ABD}.Release|Any CPU.ActiveCfg = Release|Any CPU
		{0E2BFC26-1940-451D-B290-7FE77FB29ABD}.Release|Any CPU.Build.0 = Release|Any CPU
		{0E2BFC26-1940-451D-B290-7FE77FB29ABD}.Release|Mixed Platforms.ActiveCfg = Release|Any CPU
		{0E2BFC26-1940-451D-B290-7FE77FB29ABD}.Release|Mixed Platforms.Build.0 = Release|Any CPU
		{0E2BFC26-1940-451D-B290-7FE77FB29ABD}.Release|x86.ActiveCfg = Release|Any CPU
		{7D824BA9-0578-4712-94D1-E0D8C1EC172A}.Debug_HZ|Any CPU.ActiveCfg = Debug|Any CPU
		{7D824BA9-0578-4712-94D1-E0D8C1EC172A}.Debug_HZ|Any CPU.Build.0 = Debug|Any CPU
		{7D824BA9-0578-4712-94D1-E0D8C1EC172A}.Debug_HZ|Mixed Platforms.ActiveCfg = Debug|Any CPU
		{7D824BA9-0578-4712-94D1-E0D8C1EC172A}.Debug_HZ|Mixed Platforms.Build.0 = Debug|Any CPU
		{7D824BA9-0578-4712-94D1-E0D8C1EC172A}.Debug_HZ|x86.ActiveCfg = Debug|Any CPU
		{7D824BA9-0578-4712-94D1-E0D8C1EC172A}.Debug|Any CPU.ActiveCfg = Debug|Any CPU
		{7D824BA9-0578-4712-94D1-E0D8C1EC172A}.Debug|Any CPU.Build.0 = Debug|Any CPU
		{7D824BA9-0578-4712-94D1-E0D8C1EC172A}.Debug|Mixed Platforms.ActiveCfg = Debug|Any CPU
		{7D824BA9-0578-4712-94D1-E0D8C1EC172A}.Debug|Mixed Platforms.Build.0 = Debug|Any CPU
		{7D824BA9-0578-4712-94D1-E0D8C1EC172A}.Debug|x86.ActiveCfg = Debug|Any CPU
		{7D824BA9-0578-4712-94D1-E0D8C1EC172A}.Release_HZ|Any CPU.ActiveCfg = Release_HZ|Any CPU
		{7D824BA9-0578-4712-94D1-E0D8C1EC172A}.Release_HZ|Any CPU.Build.0 = Release_HZ|Any CPU
		{7D824BA9-0578-4712-94D1-E0D8C1EC172A}.Release_HZ|Mixed Platforms.ActiveCfg = Release_HZ|Any CPU
		{7D824BA9-0578-4712-94D1-E0D8C1EC172A}.Release_HZ|Mixed Platforms.Build.0 = Release_HZ|Any CPU
		{7D824BA9-0578-4712-94D1-E0D8C1EC172A}.Release_HZ|x86.ActiveCfg = Release_HZ|Any CPU
		{7D824BA9-0578-4712-94D1-E0D8C1EC172A}.Release|Any CPU.ActiveCfg = Release|Any CPU
		{7D824BA9-0578-4712-94D1-E0D8C1EC172A}.Release|Any CPU.Build.0 = Release|Any CPU
		{7D824BA9-0578-4712-94D1-E0D8C1EC172A}.Release|Mixed Platforms.ActiveCfg = Release|Any CPU
		{7D824BA9-0578-4712-94D1-E0D8C1EC172A}.Release|Mixed Platforms.Build.0 = Release|Any CPU
		{7D824BA9-0578-4712-94D1-E0D8C1EC172A}.Release|x86.ActiveCfg = Release|Any CPU
		{C7DCD8A5-7CD1-4AF1-B3B0-FF6B43ACE4E8}.Debug_HZ|Any CPU.ActiveCfg = Debug|Any CPU
		{C7DCD8A5-7CD1-4AF1-B3B0-FF6B43ACE4E8}.Debug_HZ|Any CPU.Build.0 = Debug|Any CPU
		{C7DCD8A5-7CD1-4AF1-B3B0-FF6B43ACE4E8}.Debug_HZ|Mixed Platforms.ActiveCfg = Debug|Any CPU
		{C7DCD8A5-7CD1-4AF1-B3B0-FF6B43ACE4E8}.Debug_HZ|Mixed Platforms.Build.0 = Debug|Any CPU
		{C7DCD8A5-7CD1-4AF1-B3B0-FF6B43ACE4E8}.Debug_HZ|x86.ActiveCfg = Debug|Any CPU
		{C7DCD8A5-7CD1-4AF1-B3B0-FF6B43ACE4E8}.Debug|Any CPU.ActiveCfg = Debug|Any CPU
		{C7DCD8A5-7CD1-4AF1-B3B0-FF6B43ACE4E8}.Debug|Any CPU.Build.0 = Debug|Any CPU
		{C7DCD8A5-7CD1-4AF1-B3B0-FF6B43ACE4E8}.Debug|Mixed Platforms.ActiveCfg = Debug|Any CPU
		{C7DCD8A5-7CD1-4AF1-B3B0-FF6B43ACE4E8}.Debug|Mixed Platforms.Build.0 = Debug|Any CPU
		{C7DCD8A5-7CD1-4AF1-B3B0-FF6B43ACE4E8}.Debug|x86.ActiveCfg = Debug|Any CPU
		{C7DCD8A5-7CD1-4AF1-B3B0-FF6B43ACE4E8}.Release_HZ|Any CPU.ActiveCfg = Release_HZ|Any CPU
		{C7DCD8A5-7CD1-4AF1-B3B0-FF6B43ACE4E8}.Release_HZ|Any CPU.Build.0 = Release_HZ|Any CPU
		{C7DCD8A5-7CD1-4AF1-B3B0-FF6B43ACE4E8}.Release_HZ|Mixed Platforms.ActiveCfg = Release_HZ|Any CPU
		{C7DCD8A5-7CD1-4AF1-B3B0-FF6B43ACE4E8}.Release_HZ|Mixed Platforms.Build.0 = Release_HZ|Any CPU
		{C7DCD8A5-7CD1-4AF1-B3B0-FF6B43ACE4E8}.Release_HZ|x86.ActiveCfg = Release_HZ|Any CPU
		{C7DCD8A5-7CD1-4AF1-B3B0-FF6B43ACE4E8}.Release|Any CPU.ActiveCfg = Release|Any CPU
		{C7DCD8A5-7CD1-4AF1-B3B0-FF6B43ACE4E8}.Release|Any CPU.Build.0 = Release|Any CPU
		{C7DCD8A5-7CD1-4AF1-B3B0-FF6B43ACE4E8}.Release|Mixed Platforms.ActiveCfg = Release|Any CPU
		{C7DCD8A5-7CD1-4AF1-B3B0-FF6B43ACE4E8}.Release|Mixed Platforms.Build.0 = Release|Any CPU
		{C7DCD8A5-7CD1-4AF1-B3B0-FF6B43ACE4E8}.Release|x86.ActiveCfg = Release|Any CPU
		{B6B39DDB-DF04-40E9-8580-199CB41626E8}.Debug_HZ|Any CPU.ActiveCfg = Debug|Any CPU
		{B6B39DDB-DF04-40E9-8580-199CB41626E8}.Debug_HZ|Mixed Platforms.ActiveCfg = Debug|Any CPU
		{B6B39DDB-DF04-40E9-8580-199CB41626E8}.Debug_HZ|x86.ActiveCfg = Debug|Any CPU
		{B6B39DDB-DF04-40E9-8580-199CB41626E8}.Debug|Any CPU.ActiveCfg = Debug|Any CPU
		{B6B39DDB-DF04-40E9-8580-199CB41626E8}.Debug|Any CPU.Build.0 = Debug|Any CPU
		{B6B39DDB-DF04-40E9-8580-199CB41626E8}.Debug|Mixed Platforms.ActiveCfg = Debug|Any CPU
		{B6B39DDB-DF04-40E9-8580-199CB41626E8}.Debug|Mixed Platforms.Build.0 = Debug|Any CPU
		{B6B39DDB-DF04-40E9-8580-199CB41626E8}.Debug|x86.ActiveCfg = Debug|Any CPU
		{B6B39DDB-DF04-40E9-8580-199CB41626E8}.Release_HZ|Any CPU.ActiveCfg = Release_HZ|Any CPU
		{B6B39DDB-DF04-40E9-8580-199CB41626E8}.Release_HZ|Any CPU.Build.0 = Release_HZ|Any CPU
		{B6B39DDB-DF04-40E9-8580-199CB41626E8}.Release_HZ|Mixed Platforms.ActiveCfg = Release_HZ|Any CPU
		{B6B39DDB-DF04-40E9-8580-199CB41626E8}.Release_HZ|Mixed Platforms.Build.0 = Release_HZ|Any CPU
		{B6B39DDB-DF04-40E9-8580-199CB41626E8}.Release_HZ|x86.ActiveCfg = Release_HZ|Any CPU
		{B6B39DDB-DF04-40E9-8580-199CB41626E8}.Release|Any CPU.ActiveCfg = Release|Any CPU
		{B6B39DDB-DF04-40E9-8580-199CB41626E8}.Release|Any CPU.Build.0 = Release|Any CPU
		{B6B39DDB-DF04-40E9-8580-199CB41626E8}.Release|Mixed Platforms.ActiveCfg = Release|Any CPU
		{B6B39DDB-DF04-40E9-8580-199CB41626E8}.Release|Mixed Platforms.Build.0 = Release|Any CPU
		{B6B39DDB-DF04-40E9-8580-199CB41626E8}.Release|x86.ActiveCfg = Release|Any CPU
		{BA723D10-A32C-49BB-9794-844BD5B0766B}.Debug_HZ|Any CPU.ActiveCfg = Debug_HZ|Any CPU
		{BA723D10-A32C-49BB-9794-844BD5B0766B}.Debug_HZ|Any CPU.Build.0 = Debug_HZ|Any CPU
		{BA723D10-A32C-49BB-9794-844BD5B0766B}.Debug_HZ|Mixed Platforms.ActiveCfg = Debug_HZ|Any CPU
		{BA723D10-A32C-49BB-9794-844BD5B0766B}.Debug_HZ|Mixed Platforms.Build.0 = Debug_HZ|Any CPU
		{BA723D10-A32C-49BB-9794-844BD5B0766B}.Debug_HZ|x86.ActiveCfg = Debug_HZ|Any CPU
		{BA723D10-A32C-49BB-9794-844BD5B0766B}.Debug|Any CPU.ActiveCfg = Debug|Any CPU
		{BA723D10-A32C-49BB-9794-844BD5B0766B}.Debug|Any CPU.Build.0 = Debug|Any CPU
		{BA723D10-A32C-49BB-9794-844BD5B0766B}.Debug|Mixed Platforms.ActiveCfg = Debug|Any CPU
		{BA723D10-A32C-49BB-9794-844BD5B0766B}.Debug|Mixed Platforms.Build.0 = Debug|Any CPU
		{BA723D10-A32C-49BB-9794-844BD5B0766B}.Debug|x86.ActiveCfg = Debug|Any CPU
		{BA723D10-A32C-49BB-9794-844BD5B0766B}.Release_HZ|Any CPU.ActiveCfg = Release_HZ|Any CPU
		{BA723D10-A32C-49BB-9794-844BD5B0766B}.Release_HZ|Any CPU.Build.0 = Release_HZ|Any CPU
		{BA723D10-A32C-49BB-9794-844BD5B0766B}.Release_HZ|Mixed Platforms.ActiveCfg = Release_HZ|Any CPU
		{BA723D10-A32C-49BB-9794-844BD5B0766B}.Release_HZ|Mixed Platforms.Build.0 = Release_HZ|Any CPU
		{BA723D10-A32C-49BB-9794-844BD5B0766B}.Release_HZ|x86.ActiveCfg = Release|Any CPU
		{BA723D10-A32C-49BB-9794-844BD5B0766B}.Release|Any CPU.ActiveCfg = Release|Any CPU
		{BA723D10-A32C-49BB-9794-844BD5B0766B}.Release|Any CPU.Build.0 = Release|Any CPU
		{BA723D10-A32C-49BB-9794-844BD5B0766B}.Release|Mixed Platforms.ActiveCfg = Release|Any CPU
		{BA723D10-A32C-49BB-9794-844BD5B0766B}.Release|Mixed Platforms.Build.0 = Release|Any CPU
		{BA723D10-A32C-49BB-9794-844BD5B0766B}.Release|x86.ActiveCfg = Release|Any CPU
	EndGlobalSection
	GlobalSection(SolutionProperties) = preSolution
		HideSolutionNode = FALSE
	EndGlobalSection
EndGlobal
