
Microsoft Visual Studio Solution File, Format Version 12.00
# Visual Studio 2012
Project("{FAE04EC0-301F-11D3-BF4B-00C04F79EFBC}") = "Common", "Common\Common.csproj", "{A2D7CF66-F51F-40A4-A393-F24B29D0E5CB}"
EndProject
Project("{FAE04EC0-301F-11D3-BF4B-00C04F79EFBC}") = "DAL", "DAL\DAL.csproj", "{6C43B4D7-2AC3-4006-9E7C-594A6D9F8C38}"
EndProject
Project("{FAE04EC0-301F-11D3-BF4B-00C04F79EFBC}") = "Model", "Model\Model.csproj", "{7716CE6F-26B2-41BB-B463-CEA37166784D}"
EndProject
Project("{FAE04EC0-301F-11D3-BF4B-00C04F79EFBC}") = "ReportModel", "ReportModel\ReportModel.csproj", "{CD62D6FD-9281-418F-8B60-0C46AD599A78}"
EndProject
Project("{FAE04EC0-301F-11D3-BF4B-00C04F79EFBC}") = "SLClass4WPF", "SLClass4WPF\SLClass4WPF.csproj", "{528C012E-3DEF-4C0C-BE79-91DFB17CBCF0}"
EndProject
Project("{FAE04EC0-301F-11D3-BF4B-00C04F79EFBC}") = "SlModel", "SlModel\SlModel.csproj", "{EB7DE1EF-FF41-441F-86F0-39F9816E8B83}"
EndProject
Project("{FAE04EC0-301F-11D3-BF4B-00C04F79EFBC}") = "UserMS", "UserMS\UserMS.csproj", "{C1122577-41AD-4982-AF98-63CE071332AC}"
EndProject
Project("{FAE04EC0-301F-11D3-BF4B-00C04F79EFBC}") = "UserMSService", "UserMSService\UserMSService.csproj", "{5A516C9F-9221-46B7-8F5F-BBE2FA1FB368}"
EndProject
Project("{FAE04EC0-301F-11D3-BF4B-00C04F79EFBC}") = "DockPanelSplitter", "DockPanelSplitter\DockPanelSplitter.csproj", "{60BCD395-0A26-406A-862A-615457CBFD8F}"
EndProject
Project("{FAE04EC0-301F-11D3-BF4B-00C04F79EFBC}") = "APIModel", "APIModel\APIModel.csproj", "{8B13959E-3510-433F-8337-0996C38B76A9}"
EndProject
Project("{FAE04EC0-301F-11D3-BF4B-00C04F79EFBC}") = "UserMSMobileAPI", "UserMSMobileAPI\UserMSMobileAPI.csproj", "{0E2BFC26-1940-451D-B290-7FE77FB29ABD}"
EndProject
Project("{FAE04EC0-301F-11D3-BF4B-00C04F79EFBC}") = "UMSMVC", "UMSMVC\UMSMVC.csproj", "{7D824BA9-0578-4712-94D1-E0D8C1EC172A}"
EndProject
Project("{FAE04EC0-301F-11D3-BF4B-00C04F79EFBC}") = "APPUMS", "APPUMS\APPUMS.csproj", "{C7DCD8A5-7CD1-4AF1-B3B0-FF6B43ACE4E8}"
EndProject
Global
	GlobalSection(TeamFoundationVersionControl) = preSolution
		SccNumberOfProjects = 13
		SccEnterpriseProvider = {4CA58AB2-18FA-4F8D-95D4-32DDF27D184C}
		SccTeamFoundationServer = http://192.168.0.10:8080/tfs/defaultcollection
		SccProjectUniqueName0 = DockPanelSplitter\\DockPanelSplitter.csproj
		SccProjectName0 = DockPanelSplitter
		SccAuxPath0 = http://192.168.0.10:8080/tfs/defaultcollection
		SccLocalPath0 = DockPanelSplitter
		SccProvider0 = {4CA58AB2-18FA-4F8D-95D4-32DDF27D184C}
		SccProjectUniqueName1 = SLClass4WPF\\SLClass4WPF.csproj
		SccProjectName1 = SLClass4WPF
		SccAuxPath1 = http://192.168.0.10:8080/tfs/defaultcollection
		SccLocalPath1 = SLClass4WPF
		SccProvider1 = {4CA58AB2-18FA-4F8D-95D4-32DDF27D184C}
		SccProjectUniqueName2 = SlModel\\SlModel.csproj
		SccProjectName2 = SlModel
		SccAuxPath2 = http://192.168.0.10:8080/tfs/defaultcollection
		SccLocalPath2 = SlModel
		SccProvider2 = {4CA58AB2-18FA-4F8D-95D4-32DDF27D184C}
		SccProjectUniqueName3 = Model\\Model.csproj
		SccProjectName3 = Model
		SccAuxPath3 = http://192.168.0.10:8080/tfs/defaultcollection
		SccLocalPath3 = Model
		SccProvider3 = {4CA58AB2-18FA-4F8D-95D4-32DDF27D184C}
		SccProjectUniqueName4 = ReportModel\\ReportModel.csproj
		SccProjectName4 = ReportModel
		SccAuxPath4 = http://192.168.0.10:8080/tfs/defaultcollection
		SccLocalPath4 = ReportModel
		SccProvider4 = {4CA58AB2-18FA-4F8D-95D4-32DDF27D184C}
		SccProjectUniqueName5 = APIModel\\APIModel.csproj
		SccProjectName5 = APIModel
		SccAuxPath5 = http://192.168.0.10:8080/tfs/defaultcollection
		SccLocalPath5 = APIModel
		SccProvider5 = {4CA58AB2-18FA-4F8D-95D4-32DDF27D184C}
		SccProjectUniqueName6 = DAL\\DAL.csproj
		SccProjectName6 = DAL
		SccAuxPath6 = http://192.168.0.10:8080/tfs/defaultcollection
		SccLocalPath6 = DAL
		SccProvider6 = {4CA58AB2-18FA-4F8D-95D4-32DDF27D184C}
		SccProjectUniqueName7 = Common\\Common.csproj
		SccProjectName7 = Common
		SccAuxPath7 = http://192.168.0.10:8080/tfs/defaultcollection
		SccLocalPath7 = Common
		SccProvider7 = {4CA58AB2-18FA-4F8D-95D4-32DDF27D184C}
		SccProjectUniqueName8 = UserMSService\\UserMSService.csproj
		SccProjectName8 = UserMSService
		SccAuxPath8 = http://192.168.0.10:8080/tfs/defaultcollection
		SccLocalPath8 = UserMSService
		SccProvider8 = {4CA58AB2-18FA-4F8D-95D4-32DDF27D184C}
		SccProjectUniqueName9 = UserMS\\UserMS.csproj
		SccProjectName9 = UserMS
		SccAuxPath9 = http://192.168.0.10:8080/tfs/defaultcollection
		SccLocalPath9 = UserMS
		SccProvider9 = {4CA58AB2-18FA-4F8D-95D4-32DDF27D184C}
		SccProjectUniqueName10 = UserMSMobileAPI\\UserMSMobileAPI.csproj
		SccProjectName10 = UserMSMobileAPI
		SccAuxPath10 = http://192.168.0.10:8080/tfs/defaultcollection
		SccLocalPath10 = UserMSMobileAPI
		SccProvider10 = {4CA58AB2-18FA-4F8D-95D4-32DDF27D184C}
		SccProjectUniqueName11 = UMSMVC\\UMSMVC.csproj
		SccProjectName11 = UMSMVC
		SccAuxPath11 = http://192.168.0.10:8080/tfs/defaultcollection
		SccLocalPath11 = UMSMVC
		SccProvider11 = {4CA58AB2-18FA-4F8D-95D4-32DDF27D184C}
		SccProjectUniqueName12 = APPUMS\\APPUMS.csproj
		SccProjectName12 = APPUMS
		SccAuxPath12 = http://192.168.0.10:8080/tfs/defaultcollection
		SccLocalPath12 = APPUMS
		SccProvider12 = {4CA58AB2-18FA-4F8D-95D4-32DDF27D184C}
	EndGlobalSection
	GlobalSection(SolutionConfigurationPlatforms) = preSolution
		Debug|Any CPU = Debug|Any CPU
		Debug|Mixed Platforms = Debug|Mixed Platforms
		Debug|x86 = Debug|x86
		Release|Any CPU = Release|Any CPU
		Release|Mixed Platforms = Release|Mixed Platforms
		Release|x86 = Release|x86
	EndGlobalSection
	GlobalSection(ProjectConfigurationPlatforms) = postSolution
		{A2D7CF66-F51F-40A4-A393-F24B29D0E5CB}.Debug|Any CPU.ActiveCfg = Debug|Any CPU
		{A2D7CF66-F51F-40A4-A393-F24B29D0E5CB}.Debug|Any CPU.Build.0 = Debug|Any CPU
		{A2D7CF66-F51F-40A4-A393-F24B29D0E5CB}.Debug|Mixed Platforms.ActiveCfg = Debug|Any CPU
		{A2D7CF66-F51F-40A4-A393-F24B29D0E5CB}.Debug|Mixed Platforms.Build.0 = Debug|Any CPU
		{A2D7CF66-F51F-40A4-A393-F24B29D0E5CB}.Debug|x86.ActiveCfg = Debug|Any CPU
		{A2D7CF66-F51F-40A4-A393-F24B29D0E5CB}.Release|Any CPU.ActiveCfg = Release|Any CPU
		{A2D7CF66-F51F-40A4-A393-F24B29D0E5CB}.Release|Any CPU.Build.0 = Release|Any CPU
		{A2D7CF66-F51F-40A4-A393-F24B29D0E5CB}.Release|Mixed Platforms.ActiveCfg = Release|Any CPU
		{A2D7CF66-F51F-40A4-A393-F24B29D0E5CB}.Release|Mixed Platforms.Build.0 = Release|Any CPU
		{A2D7CF66-F51F-40A4-A393-F24B29D0E5CB}.Release|x86.ActiveCfg = Release|Any CPU
		{6C43B4D7-2AC3-4006-9E7C-594A6D9F8C38}.Debug|Any CPU.ActiveCfg = Debug|Any CPU
		{6C43B4D7-2AC3-4006-9E7C-594A6D9F8C38}.Debug|Any CPU.Build.0 = Debug|Any CPU
		{6C43B4D7-2AC3-4006-9E7C-594A6D9F8C38}.Debug|Mixed Platforms.ActiveCfg = Debug|Any CPU
		{6C43B4D7-2AC3-4006-9E7C-594A6D9F8C38}.Debug|Mixed Platforms.Build.0 = Debug|Any CPU
		{6C43B4D7-2AC3-4006-9E7C-594A6D9F8C38}.Debug|x86.ActiveCfg = Debug|Any CPU
		{6C43B4D7-2AC3-4006-9E7C-594A6D9F8C38}.Release|Any CPU.ActiveCfg = Release|Any CPU
		{6C43B4D7-2AC3-4006-9E7C-594A6D9F8C38}.Release|Any CPU.Build.0 = Release|Any CPU
		{6C43B4D7-2AC3-4006-9E7C-594A6D9F8C38}.Release|Mixed Platforms.ActiveCfg = Release|Any CPU
		{6C43B4D7-2AC3-4006-9E7C-594A6D9F8C38}.Release|Mixed Platforms.Build.0 = Release|Any CPU
		{6C43B4D7-2AC3-4006-9E7C-594A6D9F8C38}.Release|x86.ActiveCfg = Release|Any CPU
		{7716CE6F-26B2-41BB-B463-CEA37166784D}.Debug|Any CPU.ActiveCfg = Debug|Any CPU
		{7716CE6F-26B2-41BB-B463-CEA37166784D}.Debug|Any CPU.Build.0 = Debug|Any CPU
		{7716CE6F-26B2-41BB-B463-CEA37166784D}.Debug|Mixed Platforms.ActiveCfg = Debug|Any CPU
		{7716CE6F-26B2-41BB-B463-CEA37166784D}.Debug|Mixed Platforms.Build.0 = Debug|Any CPU
		{7716CE6F-26B2-41BB-B463-CEA37166784D}.Debug|x86.ActiveCfg = Debug|Any CPU
		{7716CE6F-26B2-41BB-B463-CEA37166784D}.Release|Any CPU.ActiveCfg = Release|Any CPU
		{7716CE6F-26B2-41BB-B463-CEA37166784D}.Release|Any CPU.Build.0 = Release|Any CPU
		{7716CE6F-26B2-41BB-B463-CEA37166784D}.Release|Mixed Platforms.ActiveCfg = Release|Any CPU
		{7716CE6F-26B2-41BB-B463-CEA37166784D}.Release|Mixed Platforms.Build.0 = Release|Any CPU
		{7716CE6F-26B2-41BB-B463-CEA37166784D}.Release|x86.ActiveCfg = Release|Any CPU
		{CD62D6FD-9281-418F-8B60-0C46AD599A78}.Debug|Any CPU.ActiveCfg = Debug|Any CPU
		{CD62D6FD-9281-418F-8B60-0C46AD599A78}.Debug|Any CPU.Build.0 = Debug|Any CPU
		{CD62D6FD-9281-418F-8B60-0C46AD599A78}.Debug|Mixed Platforms.ActiveCfg = Debug|Any CPU
		{CD62D6FD-9281-418F-8B60-0C46AD599A78}.Debug|Mixed Platforms.Build.0 = Debug|Any CPU
		{CD62D6FD-9281-418F-8B60-0C46AD599A78}.Debug|x86.ActiveCfg = Debug|Any CPU
		{CD62D6FD-9281-418F-8B60-0C46AD599A78}.Release|Any CPU.ActiveCfg = Release|Any CPU
		{CD62D6FD-9281-418F-8B60-0C46AD599A78}.Release|Any CPU.Build.0 = Release|Any CPU
		{CD62D6FD-9281-418F-8B60-0C46AD599A78}.Release|Mixed Platforms.ActiveCfg = Release|Any CPU
		{CD62D6FD-9281-418F-8B60-0C46AD599A78}.Release|Mixed Platforms.Build.0 = Release|Any CPU
		{CD62D6FD-9281-418F-8B60-0C46AD599A78}.Release|x86.ActiveCfg = Release|Any CPU
		{528C012E-3DEF-4C0C-BE79-91DFB17CBCF0}.Debug|Any CPU.ActiveCfg = Debug|Any CPU
		{528C012E-3DEF-4C0C-BE79-91DFB17CBCF0}.Debug|Any CPU.Build.0 = Debug|Any CPU
		{528C012E-3DEF-4C0C-BE79-91DFB17CBCF0}.Debug|Mixed Platforms.ActiveCfg = Debug|Any CPU
		{528C012E-3DEF-4C0C-BE79-91DFB17CBCF0}.Debug|Mixed Platforms.Build.0 = Debug|Any CPU
		{528C012E-3DEF-4C0C-BE79-91DFB17CBCF0}.Debug|x86.ActiveCfg = Debug|Any CPU
		{528C012E-3DEF-4C0C-BE79-91DFB17CBCF0}.Release|Any CPU.ActiveCfg = Release|Any CPU
		{528C012E-3DEF-4C0C-BE79-91DFB17CBCF0}.Release|Any CPU.Build.0 = Release|Any CPU
		{528C012E-3DEF-4C0C-BE79-91DFB17CBCF0}.Release|Mixed Platforms.ActiveCfg = Release|Any CPU
		{528C012E-3DEF-4C0C-BE79-91DFB17CBCF0}.Release|Mixed Platforms.Build.0 = Release|Any CPU
		{528C012E-3DEF-4C0C-BE79-91DFB17CBCF0}.Release|x86.ActiveCfg = Release|Any CPU
		{EB7DE1EF-FF41-441F-86F0-39F9816E8B83}.Debug|Any CPU.ActiveCfg = Debug|Any CPU
		{EB7DE1EF-FF41-441F-86F0-39F9816E8B83}.Debug|Any CPU.Build.0 = Debug|Any CPU
		{EB7DE1EF-FF41-441F-86F0-39F9816E8B83}.Debug|Mixed Platforms.ActiveCfg = Debug|Any CPU
		{EB7DE1EF-FF41-441F-86F0-39F9816E8B83}.Debug|Mixed Platforms.Build.0 = Debug|Any CPU
		{EB7DE1EF-FF41-441F-86F0-39F9816E8B83}.Debug|x86.ActiveCfg = Debug|Any CPU
		{EB7DE1EF-FF41-441F-86F0-39F9816E8B83}.Release|Any CPU.ActiveCfg = Release|Any CPU
		{EB7DE1EF-FF41-441F-86F0-39F9816E8B83}.Release|Any CPU.Build.0 = Release|Any CPU
		{EB7DE1EF-FF41-441F-86F0-39F9816E8B83}.Release|Mixed Platforms.ActiveCfg = Release|Any CPU
		{EB7DE1EF-FF41-441F-86F0-39F9816E8B83}.Release|Mixed Platforms.Build.0 = Release|Any CPU
		{EB7DE1EF-FF41-441F-86F0-39F9816E8B83}.Release|x86.ActiveCfg = Release|Any CPU
		{C1122577-41AD-4982-AF98-63CE071332AC}.Debug|Any CPU.ActiveCfg = Debug|x86
		{C1122577-41AD-4982-AF98-63CE071332AC}.Debug|Mixed Platforms.ActiveCfg = Debug|Any CPU
		{C1122577-41AD-4982-AF98-63CE071332AC}.Debug|Mixed Platforms.Build.0 = Debug|Any CPU
		{C1122577-41AD-4982-AF98-63CE071332AC}.Debug|Mixed Platforms.Deploy.0 = Debug|Any CPU
		{C1122577-41AD-4982-AF98-63CE071332AC}.Debug|x86.ActiveCfg = Debug|x86
		{C1122577-41AD-4982-AF98-63CE071332AC}.Debug|x86.Build.0 = Debug|x86
		{C1122577-41AD-4982-AF98-63CE071332AC}.Release|Any CPU.ActiveCfg = Release|x86
		{C1122577-41AD-4982-AF98-63CE071332AC}.Release|Mixed Platforms.ActiveCfg = Release|Any CPU
		{C1122577-41AD-4982-AF98-63CE071332AC}.Release|Mixed Platforms.Build.0 = Release|Any CPU
		{C1122577-41AD-4982-AF98-63CE071332AC}.Release|x86.ActiveCfg = Release|x86
		{C1122577-41AD-4982-AF98-63CE071332AC}.Release|x86.Build.0 = Release|x86
		{5A516C9F-9221-46B7-8F5F-BBE2FA1FB368}.Debug|Any CPU.ActiveCfg = Debug|Any CPU
		{5A516C9F-9221-46B7-8F5F-BBE2FA1FB368}.Debug|Any CPU.Build.0 = Debug|Any CPU
		{5A516C9F-9221-46B7-8F5F-BBE2FA1FB368}.Debug|Mixed Platforms.ActiveCfg = Debug|Any CPU
		{5A516C9F-9221-46B7-8F5F-BBE2FA1FB368}.Debug|Mixed Platforms.Build.0 = Debug|Any CPU
		{5A516C9F-9221-46B7-8F5F-BBE2FA1FB368}.Debug|x86.ActiveCfg = Debug|Any CPU
		{5A516C9F-9221-46B7-8F5F-BBE2FA1FB368}.Release|Any CPU.ActiveCfg = Release|Any CPU
		{5A516C9F-9221-46B7-8F5F-BBE2FA1FB368}.Release|Any CPU.Build.0 = Release|Any CPU
		{5A516C9F-9221-46B7-8F5F-BBE2FA1FB368}.Release|Mixed Platforms.ActiveCfg = Release|Any CPU
		{5A516C9F-9221-46B7-8F5F-BBE2FA1FB368}.Release|Mixed Platforms.Build.0 = Release|Any CPU
		{5A516C9F-9221-46B7-8F5F-BBE2FA1FB368}.Release|x86.ActiveCfg = Release|Any CPU
		{60BCD395-0A26-406A-862A-615457CBFD8F}.Debug|Any CPU.ActiveCfg = Debug|Any CPU
		{60BCD395-0A26-406A-862A-615457CBFD8F}.Debug|Any CPU.Build.0 = Debug|Any CPU
		{60BCD395-0A26-406A-862A-615457CBFD8F}.Debug|Mixed Platforms.ActiveCfg = Debug|Any CPU
		{60BCD395-0A26-406A-862A-615457CBFD8F}.Debug|Mixed Platforms.Build.0 = Debug|Any CPU
		{60BCD395-0A26-406A-862A-615457CBFD8F}.Debug|x86.ActiveCfg = Debug|Any CPU
		{60BCD395-0A26-406A-862A-615457CBFD8F}.Release|Any CPU.ActiveCfg = Release|Any CPU
		{60BCD395-0A26-406A-862A-615457CBFD8F}.Release|Any CPU.Build.0 = Release|Any CPU
		{60BCD395-0A26-406A-862A-615457CBFD8F}.Release|Mixed Platforms.ActiveCfg = Release|Any CPU
		{60BCD395-0A26-406A-862A-615457CBFD8F}.Release|Mixed Platforms.Build.0 = Release|Any CPU
		{60BCD395-0A26-406A-862A-615457CBFD8F}.Release|x86.ActiveCfg = Release|Any CPU
		{8B13959E-3510-433F-8337-0996C38B76A9}.Debug|Any CPU.ActiveCfg = Debug|Any CPU
		{8B13959E-3510-433F-8337-0996C38B76A9}.Debug|Any CPU.Build.0 = Debug|Any CPU
		{8B13959E-3510-433F-8337-0996C38B76A9}.Debug|Mixed Platforms.ActiveCfg = Debug|Any CPU
		{8B13959E-3510-433F-8337-0996C38B76A9}.Debug|Mixed Platforms.Build.0 = Debug|Any CPU
		{8B13959E-3510-433F-8337-0996C38B76A9}.Debug|x86.ActiveCfg = Debug|Any CPU
		{8B13959E-3510-433F-8337-0996C38B76A9}.Release|Any CPU.ActiveCfg = Release|Any CPU
		{8B13959E-3510-433F-8337-0996C38B76A9}.Release|Any CPU.Build.0 = Release|Any CPU
		{8B13959E-3510-433F-8337-0996C38B76A9}.Release|Mixed Platforms.ActiveCfg = Release|Any CPU
		{8B13959E-3510-433F-8337-0996C38B76A9}.Release|Mixed Platforms.Build.0 = Release|Any CPU
		{8B13959E-3510-433F-8337-0996C38B76A9}.Release|x86.ActiveCfg = Release|Any CPU
		{0E2BFC26-1940-451D-B290-7FE77FB29ABD}.Debug|Any CPU.ActiveCfg = Debug|Any CPU
		{0E2BFC26-1940-451D-B290-7FE77FB29ABD}.Debug|Any CPU.Build.0 = Debug|Any CPU
		{0E2BFC26-1940-451D-B290-7FE77FB29ABD}.Debug|Mixed Platforms.ActiveCfg = Debug|Any CPU
		{0E2BFC26-1940-451D-B290-7FE77FB29ABD}.Debug|Mixed Platforms.Build.0 = Debug|Any CPU
		{0E2BFC26-1940-451D-B290-7FE77FB29ABD}.Debug|x86.ActiveCfg = Debug|Any CPU
		{0E2BFC26-1940-451D-B290-7FE77FB29ABD}.Release|Any CPU.ActiveCfg = Release|Any CPU
		{0E2BFC26-1940-451D-B290-7FE77FB29ABD}.Release|Any CPU.Build.0 = Release|Any CPU
		{0E2BFC26-1940-451D-B290-7FE77FB29ABD}.Release|Mixed Platforms.ActiveCfg = Release|Any CPU
		{0E2BFC26-1940-451D-B290-7FE77FB29ABD}.Release|Mixed Platforms.Build.0 = Release|Any CPU
		{0E2BFC26-1940-451D-B290-7FE77FB29ABD}.Release|x86.ActiveCfg = Release|Any CPU
		{7D824BA9-0578-4712-94D1-E0D8C1EC172A}.Debug|Any CPU.ActiveCfg = Debug|Any CPU
		{7D824BA9-0578-4712-94D1-E0D8C1EC172A}.Debug|Any CPU.Build.0 = Debug|Any CPU
		{7D824BA9-0578-4712-94D1-E0D8C1EC172A}.Debug|Mixed Platforms.ActiveCfg = Debug|Any CPU
		{7D824BA9-0578-4712-94D1-E0D8C1EC172A}.Debug|Mixed Platforms.Build.0 = Debug|Any CPU
		{7D824BA9-0578-4712-94D1-E0D8C1EC172A}.Debug|x86.ActiveCfg = Debug|Any CPU
		{7D824BA9-0578-4712-94D1-E0D8C1EC172A}.Release|Any CPU.ActiveCfg = Release|Any CPU
		{7D824BA9-0578-4712-94D1-E0D8C1EC172A}.Release|Any CPU.Build.0 = Release|Any CPU
		{7D824BA9-0578-4712-94D1-E0D8C1EC172A}.Release|Mixed Platforms.ActiveCfg = Release|Any CPU
		{7D824BA9-0578-4712-94D1-E0D8C1EC172A}.Release|Mixed Platforms.Build.0 = Release|Any CPU
		{7D824BA9-0578-4712-94D1-E0D8C1EC172A}.Release|x86.ActiveCfg = Release|Any CPU
		{C7DCD8A5-7CD1-4AF1-B3B0-FF6B43ACE4E8}.Debug|Any CPU.ActiveCfg = Debug|Any CPU
		{C7DCD8A5-7CD1-4AF1-B3B0-FF6B43ACE4E8}.Debug|Any CPU.Build.0 = Debug|Any CPU
		{C7DCD8A5-7CD1-4AF1-B3B0-FF6B43ACE4E8}.Debug|Mixed Platforms.ActiveCfg = Debug|Any CPU
		{C7DCD8A5-7CD1-4AF1-B3B0-FF6B43ACE4E8}.Debug|Mixed Platforms.Build.0 = Debug|Any CPU
		{C7DCD8A5-7CD1-4AF1-B3B0-FF6B43ACE4E8}.Debug|x86.ActiveCfg = Debug|Any CPU
		{C7DCD8A5-7CD1-4AF1-B3B0-FF6B43ACE4E8}.Release|Any CPU.ActiveCfg = Release|Any CPU
		{C7DCD8A5-7CD1-4AF1-B3B0-FF6B43ACE4E8}.Release|Any CPU.Build.0 = Release|Any CPU
		{C7DCD8A5-7CD1-4AF1-B3B0-FF6B43ACE4E8}.Release|Mixed Platforms.ActiveCfg = Release|Any CPU
		{C7DCD8A5-7CD1-4AF1-B3B0-FF6B43ACE4E8}.Release|Mixed Platforms.Build.0 = Release|Any CPU
		{C7DCD8A5-7CD1-4AF1-B3B0-FF6B43ACE4E8}.Release|x86.ActiveCfg = Release|Any CPU
	EndGlobalSection
	GlobalSection(SolutionProperties) = preSolution
		HideSolutionNode = FALSE
	EndGlobalSection
EndGlobal
